// !$*UTF8*$!
{
	archiveVersion = 1;
	classes = {
	};
	objectVersion = 51;
	objects = {

/* Begin PBXBuildFile section */
		18501BA424C210BCDF93E68C /* Pods_TodoList.framework in Frameworks */ = {isa = PBXBuildFile; fileRef = BF8B0FF13D7793EE99E78D59 /* Pods_TodoList.framework */; };
		B72C570625F23E4D00AC098A /* CollectionViewCell.swift in Sources */ = {isa = PBXBuildFile; fileRef = B72C570425F23E4D00AC098A /* CollectionViewCell.swift */; };
		B72C570725F23E4D00AC098A /* CollectionViewCell.xib in Resources */ = {isa = PBXBuildFile; fileRef = B72C570525F23E4D00AC098A /* CollectionViewCell.xib */; };
		B72C570E25F5F8BF00AC098A /* TodoListHeaderView.swift in Sources */ = {isa = PBXBuildFile; fileRef = B72C570D25F5F8BF00AC098A /* TodoListHeaderView.swift */; };
		B756DA782601C23900BC2A82 /* SettingView.storyboard in Resources */ = {isa = PBXBuildFile; fileRef = B756DA772601C23900BC2A82 /* SettingView.storyboard */; };
		B756DA852601CAEB00BC2A82 /* SettingViewController.swift in Sources */ = {isa = PBXBuildFile; fileRef = B756DA842601CAEB00BC2A82 /* SettingViewController.swift */; };
		B756DA8B2601D59500BC2A82 /* FSViewController.swift in Sources */ = {isa = PBXBuildFile; fileRef = B756DA8A2601D59500BC2A82 /* FSViewController.swift */; };
		B756DA8E2601D5A900BC2A82 /* SwipeViewController.swift in Sources */ = {isa = PBXBuildFile; fileRef = B756DA8D2601D5A900BC2A82 /* SwipeViewController.swift */; };
		B75EC1CB25FCAE26005570A9 /* CalendarDetailCollectionView.swift in Sources */ = {isa = PBXBuildFile; fileRef = B75EC1CA25FCAE26005570A9 /* CalendarDetailCollectionView.swift */; };
		B75EC1CE25FCAEC5005570A9 /* CalendarDetail.storyboard in Resources */ = {isa = PBXBuildFile; fileRef = B75EC1CD25FCAEC5005570A9 /* CalendarDetail.storyboard */; };
		B7A5266725EF6540008CC8F9 /* DateCell.swift in Sources */ = {isa = PBXBuildFile; fileRef = B7A5266625EF6540008CC8F9 /* DateCell.swift */; };
		B7A5266B25EF66E8008CC8F9 /* CalendarViewController.swift in Sources */ = {isa = PBXBuildFile; fileRef = B7A5266A25EF66E8008CC8F9 /* CalendarViewController.swift */; };
		B7A5267C25EFAA90008CC8F9 /* DateHeader.swift in Sources */ = {isa = PBXBuildFile; fileRef = B7A5267B25EFAA90008CC8F9 /* DateHeader.swift */; };
		B7C64E01256763E400299D9C /* AlertViewController.swift in Sources */ = {isa = PBXBuildFile; fileRef = B7C64E00256763E400299D9C /* AlertViewController.swift */; };
		B7C64E042567A60E00299D9C /* star.png in Resources */ = {isa = PBXBuildFile; fileRef = B7C64E032567A60E00299D9C /* star.png */; };
		EF0138A92564E490000F7373 /* AppDelegate.swift in Sources */ = {isa = PBXBuildFile; fileRef = EF0138A82564E490000F7373 /* AppDelegate.swift */; };
		EF0138AD2564E490000F7373 /* ListViewController.swift in Sources */ = {isa = PBXBuildFile; fileRef = EF0138AC2564E490000F7373 /* ListViewController.swift */; };
		EF0138B02564E490000F7373 /* Main.storyboard in Resources */ = {isa = PBXBuildFile; fileRef = EF0138AE2564E490000F7373 /* Main.storyboard */; };
		EF0138B22564E491000F7373 /* Assets.xcassets in Resources */ = {isa = PBXBuildFile; fileRef = EF0138B12564E491000F7373 /* Assets.xcassets */; };
		EF0138B52564E491000F7373 /* LaunchScreen.storyboard in Resources */ = {isa = PBXBuildFile; fileRef = EF0138B32564E491000F7373 /* LaunchScreen.storyboard */; };
		EF0138C72565087D000F7373 /* Todo.swift in Sources */ = {isa = PBXBuildFile; fileRef = EF0138C62565087D000F7373 /* Todo.swift */; };
		EF0138CB256508C0000F7373 /* Storage.swift in Sources */ = {isa = PBXBuildFile; fileRef = EF0138CA256508C0000F7373 /* Storage.swift */; };
		EF0138CE25650A71000F7373 /* AddTodoViewController.swift in Sources */ = {isa = PBXBuildFile; fileRef = EF0138CD25650A71000F7373 /* AddTodoViewController.swift */; };
		EF0138D125650A7C000F7373 /* TodoDetailViewController.swift in Sources */ = {isa = PBXBuildFile; fileRef = EF0138D025650A7C000F7373 /* TodoDetailViewController.swift */; };
		EF0138D525650B28000F7373 /* SpecificViewController.swift in Sources */ = {isa = PBXBuildFile; fileRef = EF0138D425650B28000F7373 /* SpecificViewController.swift */; };
		EF0138E325650B9B000F7373 /* TaskCollectionViewCell.swift in Sources */ = {isa = PBXBuildFile; fileRef = EF0138E125650B9B000F7373 /* TaskCollectionViewCell.swift */; };
		EF0138E825651453000F7373 /* AddTodo.storyboard in Resources */ = {isa = PBXBuildFile; fileRef = EF0138E725651453000F7373 /* AddTodo.storyboard */; };
/* End PBXBuildFile section */

/* Begin PBXFileReference section */
		7AFFCBDED0B54BB4769F21E0 /* Pods-TodoList.debug.xcconfig */ = {isa = PBXFileReference; includeInIndex = 1; lastKnownFileType = text.xcconfig; name = "Pods-TodoList.debug.xcconfig"; path = "Target Support Files/Pods-TodoList/Pods-TodoList.debug.xcconfig"; sourceTree = "<group>"; };
		95898B2BD446F25E6038A5E6 /* Pods-TodoList.release.xcconfig */ = {isa = PBXFileReference; includeInIndex = 1; lastKnownFileType = text.xcconfig; name = "Pods-TodoList.release.xcconfig"; path = "Target Support Files/Pods-TodoList/Pods-TodoList.release.xcconfig"; sourceTree = "<group>"; };
		B72C570425F23E4D00AC098A /* CollectionViewCell.swift */ = {isa = PBXFileReference; lastKnownFileType = sourcecode.swift; path = CollectionViewCell.swift; sourceTree = "<group>"; };
		B72C570525F23E4D00AC098A /* CollectionViewCell.xib */ = {isa = PBXFileReference; lastKnownFileType = file.xib; path = CollectionViewCell.xib; sourceTree = "<group>"; };
		B72C570D25F5F8BF00AC098A /* TodoListHeaderView.swift */ = {isa = PBXFileReference; lastKnownFileType = sourcecode.swift; path = TodoListHeaderView.swift; sourceTree = "<group>"; };
		B756DA772601C23900BC2A82 /* SettingView.storyboard */ = {isa = PBXFileReference; lastKnownFileType = file.storyboard; path = SettingView.storyboard; sourceTree = "<group>"; };
		B756DA842601CAEB00BC2A82 /* SettingViewController.swift */ = {isa = PBXFileReference; lastKnownFileType = sourcecode.swift; path = SettingViewController.swift; sourceTree = "<group>"; };
		B756DA8A2601D59500BC2A82 /* FSViewController.swift */ = {isa = PBXFileReference; lastKnownFileType = sourcecode.swift; path = FSViewController.swift; sourceTree = "<group>"; };
		B756DA8D2601D5A900BC2A82 /* SwipeViewController.swift */ = {isa = PBXFileReference; lastKnownFileType = sourcecode.swift; path = SwipeViewController.swift; sourceTree = "<group>"; };
		B75EC1CA25FCAE26005570A9 /* CalendarDetailCollectionView.swift */ = {isa = PBXFileReference; lastKnownFileType = sourcecode.swift; path = CalendarDetailCollectionView.swift; sourceTree = "<group>"; };
		B75EC1CD25FCAEC5005570A9 /* CalendarDetail.storyboard */ = {isa = PBXFileReference; lastKnownFileType = file.storyboard; path = CalendarDetail.storyboard; sourceTree = "<group>"; };
		B7A5266625EF6540008CC8F9 /* DateCell.swift */ = {isa = PBXFileReference; lastKnownFileType = sourcecode.swift; path = DateCell.swift; sourceTree = "<group>"; };
		B7A5266A25EF66E8008CC8F9 /* CalendarViewController.swift */ = {isa = PBXFileReference; lastKnownFileType = sourcecode.swift; path = CalendarViewController.swift; sourceTree = "<group>"; };
		B7A5267625EF6E72008CC8F9 /* TodoList.app */ = {isa = PBXFileReference; explicitFileType = wrapper.application; includeInIndex = 0; path = TodoList.app; sourceTree = BUILT_PRODUCTS_DIR; };
		B7A5267B25EFAA90008CC8F9 /* DateHeader.swift */ = {isa = PBXFileReference; lastKnownFileType = sourcecode.swift; path = DateHeader.swift; sourceTree = "<group>"; };
		B7C64E00256763E400299D9C /* AlertViewController.swift */ = {isa = PBXFileReference; lastKnownFileType = sourcecode.swift; path = AlertViewController.swift; sourceTree = "<group>"; };
		B7C64E032567A60E00299D9C /* star.png */ = {isa = PBXFileReference; lastKnownFileType = image.png; path = star.png; sourceTree = "<group>"; };
		BF8B0FF13D7793EE99E78D59 /* Pods_TodoList.framework */ = {isa = PBXFileReference; explicitFileType = wrapper.framework; includeInIndex = 0; path = Pods_TodoList.framework; sourceTree = BUILT_PRODUCTS_DIR; };
		EF0138A82564E490000F7373 /* AppDelegate.swift */ = {isa = PBXFileReference; lastKnownFileType = sourcecode.swift; path = AppDelegate.swift; sourceTree = "<group>"; };
		EF0138AC2564E490000F7373 /* ListViewController.swift */ = {isa = PBXFileReference; lastKnownFileType = sourcecode.swift; path = ListViewController.swift; sourceTree = "<group>"; };
		EF0138AF2564E490000F7373 /* Base */ = {isa = PBXFileReference; lastKnownFileType = file.storyboard; name = Base; path = Base.lproj/Main.storyboard; sourceTree = "<group>"; };
		EF0138B12564E491000F7373 /* Assets.xcassets */ = {isa = PBXFileReference; lastKnownFileType = folder.assetcatalog; path = Assets.xcassets; sourceTree = "<group>"; };
		EF0138B42564E491000F7373 /* Base */ = {isa = PBXFileReference; lastKnownFileType = file.storyboard; name = Base; path = Base.lproj/LaunchScreen.storyboard; sourceTree = "<group>"; };
		EF0138B62564E491000F7373 /* Info.plist */ = {isa = PBXFileReference; lastKnownFileType = text.plist.xml; path = Info.plist; sourceTree = "<group>"; };
		EF0138C62565087D000F7373 /* Todo.swift */ = {isa = PBXFileReference; lastKnownFileType = sourcecode.swift; path = Todo.swift; sourceTree = "<group>"; };
		EF0138CA256508C0000F7373 /* Storage.swift */ = {isa = PBXFileReference; lastKnownFileType = sourcecode.swift; path = Storage.swift; sourceTree = "<group>"; };
		EF0138CD25650A71000F7373 /* AddTodoViewController.swift */ = {isa = PBXFileReference; lastKnownFileType = sourcecode.swift; path = AddTodoViewController.swift; sourceTree = "<group>"; };
		EF0138D025650A7C000F7373 /* TodoDetailViewController.swift */ = {isa = PBXFileReference; lastKnownFileType = sourcecode.swift; path = TodoDetailViewController.swift; sourceTree = "<group>"; };
		EF0138D425650B28000F7373 /* SpecificViewController.swift */ = {isa = PBXFileReference; lastKnownFileType = sourcecode.swift; path = SpecificViewController.swift; sourceTree = "<group>"; };
		EF0138E125650B9B000F7373 /* TaskCollectionViewCell.swift */ = {isa = PBXFileReference; lastKnownFileType = sourcecode.swift; path = TaskCollectionViewCell.swift; sourceTree = "<group>"; };
		EF0138E725651453000F7373 /* AddTodo.storyboard */ = {isa = PBXFileReference; lastKnownFileType = file.storyboard; path = AddTodo.storyboard; sourceTree = "<group>"; };
/* End PBXFileReference section */

/* Begin PBXFrameworksBuildPhase section */
		EF0138A22564E490000F7373 /* Frameworks */ = {
			isa = PBXFrameworksBuildPhase;
			buildActionMask = 2147483647;
			files = (
				18501BA424C210BCDF93E68C /* Pods_TodoList.framework in Frameworks */,
			);
			runOnlyForDeploymentPostprocessing = 0;
		};
/* End PBXFrameworksBuildPhase section */

/* Begin PBXGroup section */
		BD12056CD914A01F504C7F15 /* Pods */ = {
			isa = PBXGroup;
			children = (
				7AFFCBDED0B54BB4769F21E0 /* Pods-TodoList.debug.xcconfig */,
				95898B2BD446F25E6038A5E6 /* Pods-TodoList.release.xcconfig */,
			);
			path = Pods;
			sourceTree = "<group>";
		};
		EF01389C2564E490000F7373 = {
			isa = PBXGroup;
			children = (
				EF0138A72564E490000F7373 /* TodoList */,
				BD12056CD914A01F504C7F15 /* Pods */,
				F97F678FA9410BF55E9ABCC6 /* Frameworks */,
				B7A5267625EF6E72008CC8F9 /* TodoList.app */,
			);
			sourceTree = "<group>";
		};
		EF0138A72564E490000F7373 /* TodoList */ = {
			isa = PBXGroup;
			children = (
				EF0138C12564E4AB000F7373 /* Resources */,
				EF0138D825650B55000F7373 /* Util */,
				EF0138BF2564E49E000F7373 /* Models */,
				EF0138BD2564E496000F7373 /* Views */,
				EF0138C02564E4A1000F7373 /* Controllers */,
			);
			path = TodoList;
			sourceTree = "<group>";
		};
		EF0138BD2564E496000F7373 /* Views */ = {
			isa = PBXGroup;
			children = (
				EF0138B32564E491000F7373 /* LaunchScreen.storyboard */,
				EF0138AE2564E490000F7373 /* Main.storyboard */,
				EF0138E725651453000F7373 /* AddTodo.storyboard */,
				B75EC1CD25FCAEC5005570A9 /* CalendarDetail.storyboard */,
				B756DA772601C23900BC2A82 /* SettingView.storyboard */,
			);
			path = Views;
			sourceTree = "<group>";
		};
		EF0138BF2564E49E000F7373 /* Models */ = {
			isa = PBXGroup;
			children = (
				EF0138C62565087D000F7373 /* Todo.swift */,
				EF0138CA256508C0000F7373 /* Storage.swift */,
			);
			path = Models;
			sourceTree = "<group>";
		};
		EF0138C02564E4A1000F7373 /* Controllers */ = {
			isa = PBXGroup;
			children = (
				EF0138A82564E490000F7373 /* AppDelegate.swift */,
				B7A5266625EF6540008CC8F9 /* DateCell.swift */,
				B7A5267B25EFAA90008CC8F9 /* DateHeader.swift */,
				B7A5266A25EF66E8008CC8F9 /* CalendarViewController.swift */,
				B75EC1CA25FCAE26005570A9 /* CalendarDetailCollectionView.swift */,
				EF0138D425650B28000F7373 /* SpecificViewController.swift */,
				EF0138AC2564E490000F7373 /* ListViewController.swift */,
				EF0138CD25650A71000F7373 /* AddTodoViewController.swift */,
				EF0138D025650A7C000F7373 /* TodoDetailViewController.swift */,
				B756DA842601CAEB00BC2A82 /* SettingViewController.swift */,
				B7C64E00256763E400299D9C /* AlertViewController.swift */,
				B756DA8A2601D59500BC2A82 /* FSViewController.swift */,
				B756DA8D2601D5A900BC2A82 /* SwipeViewController.swift */,
			);
			path = Controllers;
			sourceTree = "<group>";
		};
		EF0138C12564E4AB000F7373 /* Resources */ = {
			isa = PBXGroup;
			children = (
				B7C64E032567A60E00299D9C /* star.png */,
				EF0138B12564E491000F7373 /* Assets.xcassets */,
				EF0138B62564E491000F7373 /* Info.plist */,
			);
			path = Resources;
			sourceTree = "<group>";
		};
		EF0138D825650B55000F7373 /* Util */ = {
			isa = PBXGroup;
			children = (
				EF0138D925650B6B000F7373 /* View */,
			);
			path = Util;
			sourceTree = "<group>";
		};
		EF0138D925650B6B000F7373 /* View */ = {
			isa = PBXGroup;
			children = (
				EF0138E125650B9B000F7373 /* TaskCollectionViewCell.swift */,
				B72C570D25F5F8BF00AC098A /* TodoListHeaderView.swift */,
				B72C570425F23E4D00AC098A /* CollectionViewCell.swift */,
				B72C570525F23E4D00AC098A /* CollectionViewCell.xib */,
			);
			path = View;
			sourceTree = "<group>";
		};
		F97F678FA9410BF55E9ABCC6 /* Frameworks */ = {
			isa = PBXGroup;
			children = (
				BF8B0FF13D7793EE99E78D59 /* Pods_TodoList.framework */,
			);
			name = Frameworks;
			sourceTree = "<group>";
		};
/* End PBXGroup section */

/* Begin PBXNativeTarget section */
		EF0138A42564E490000F7373 /* TodoList */ = {
			isa = PBXNativeTarget;
			buildConfigurationList = EF0138B92564E491000F7373 /* Build configuration list for PBXNativeTarget "TodoList" */;
			buildPhases = (
				499D05464ED513AE8676AD33 /* [CP] Check Pods Manifest.lock */,
				EF0138A12564E490000F7373 /* Sources */,
				EF0138A22564E490000F7373 /* Frameworks */,
				EF0138A32564E490000F7373 /* Resources */,
				76851DEAE24169A63FED129F /* [CP] Embed Pods Frameworks */,
			);
			buildRules = (
			);
			dependencies = (
			);
			name = TodoList;
			productName = TodoList;
			productReference = B7A5267625EF6E72008CC8F9 /* TodoList.app */;
			productType = "com.apple.product-type.application";
		};
/* End PBXNativeTarget section */

/* Begin PBXProject section */
		EF01389D2564E490000F7373 /* Project object */ = {
			isa = PBXProject;
			attributes = {
				LastSwiftUpdateCheck = 1210;
				LastUpgradeCheck = 1210;
				TargetAttributes = {
					EF0138A42564E490000F7373 = {
						CreatedOnToolsVersion = 12.1;
					};
				};
			};
			buildConfigurationList = EF0138A02564E490000F7373 /* Build configuration list for PBXProject "TodoList" */;
			compatibilityVersion = "Xcode 9.3";
			developmentRegion = en;
			hasScannedForEncodings = 0;
			knownRegions = (
				en,
				Base,
			);
			mainGroup = EF01389C2564E490000F7373;
			productRefGroup = EF01389C2564E490000F7373;
			projectDirPath = "";
			projectRoot = "";
			targets = (
				EF0138A42564E490000F7373 /* TodoList */,
			);
		};
/* End PBXProject section */

/* Begin PBXResourcesBuildPhase section */
		EF0138A32564E490000F7373 /* Resources */ = {
			isa = PBXResourcesBuildPhase;
			buildActionMask = 2147483647;
			files = (
				EF0138B52564E491000F7373 /* LaunchScreen.storyboard in Resources */,
				B72C570725F23E4D00AC098A /* CollectionViewCell.xib in Resources */,
				EF0138B22564E491000F7373 /* Assets.xcassets in Resources */,
				EF0138E825651453000F7373 /* AddTodo.storyboard in Resources */,
				B75EC1CE25FCAEC5005570A9 /* CalendarDetail.storyboard in Resources */,
				EF0138B02564E490000F7373 /* Main.storyboard in Resources */,
				B756DA782601C23900BC2A82 /* SettingView.storyboard in Resources */,
				B7C64E042567A60E00299D9C /* star.png in Resources */,
			);
			runOnlyForDeploymentPostprocessing = 0;
		};
/* End PBXResourcesBuildPhase section */

/* Begin PBXShellScriptBuildPhase section */
		499D05464ED513AE8676AD33 /* [CP] Check Pods Manifest.lock */ = {
			isa = PBXShellScriptBuildPhase;
			buildActionMask = 2147483647;
			files = (
			);
			inputFileListPaths = (
			);
			inputPaths = (
				"${PODS_PODFILE_DIR_PATH}/Podfile.lock",
				"${PODS_ROOT}/Manifest.lock",
			);
			name = "[CP] Check Pods Manifest.lock";
			outputFileListPaths = (
			);
			outputPaths = (
				"$(DERIVED_FILE_DIR)/Pods-TodoList-checkManifestLockResult.txt",
			);
			runOnlyForDeploymentPostprocessing = 0;
			shellPath = /bin/sh;
			shellScript = "diff \"${PODS_PODFILE_DIR_PATH}/Podfile.lock\" \"${PODS_ROOT}/Manifest.lock\" > /dev/null\nif [ $? != 0 ] ; then\n    # print error to STDERR\n    echo \"error: The sandbox is not in sync with the Podfile.lock. Run 'pod install' or update your CocoaPods installation.\" >&2\n    exit 1\nfi\n# This output is used by Xcode 'outputs' to avoid re-running this script phase.\necho \"SUCCESS\" > \"${SCRIPT_OUTPUT_FILE_0}\"\n";
			showEnvVarsInLog = 0;
		};
		76851DEAE24169A63FED129F /* [CP] Embed Pods Frameworks */ = {
			isa = PBXShellScriptBuildPhase;
			buildActionMask = 2147483647;
			files = (
			);
			inputFileListPaths = (
				"${PODS_ROOT}/Target Support Files/Pods-TodoList/Pods-TodoList-frameworks-${CONFIGURATION}-input-files.xcfilelist",
			);
			name = "[CP] Embed Pods Frameworks";
			outputFileListPaths = (
				"${PODS_ROOT}/Target Support Files/Pods-TodoList/Pods-TodoList-frameworks-${CONFIGURATION}-output-files.xcfilelist",
			);
			runOnlyForDeploymentPostprocessing = 0;
			shellPath = /bin/sh;
			shellScript = "\"${PODS_ROOT}/Target Support Files/Pods-TodoList/Pods-TodoList-frameworks.sh\"\n";
			showEnvVarsInLog = 0;
		};
/* End PBXShellScriptBuildPhase section */

/* Begin PBXSourcesBuildPhase section */
		EF0138A12564E490000F7373 /* Sources */ = {
			isa = PBXSourcesBuildPhase;
			buildActionMask = 2147483647;
			files = (
				B7A5267C25EFAA90008CC8F9 /* DateHeader.swift in Sources */,
				EF0138E325650B9B000F7373 /* TaskCollectionViewCell.swift in Sources */,
				B72C570E25F5F8BF00AC098A /* TodoListHeaderView.swift in Sources */,
				EF0138AD2564E490000F7373 /* ListViewController.swift in Sources */,
				EF0138CE25650A71000F7373 /* AddTodoViewController.swift in Sources */,
				B756DA852601CAEB00BC2A82 /* SettingViewController.swift in Sources */,
				EF0138CB256508C0000F7373 /* Storage.swift in Sources */,
				B7C64E01256763E400299D9C /* AlertViewController.swift in Sources */,
				B756DA8B2601D59500BC2A82 /* FSViewController.swift in Sources */,
				EF0138D525650B28000F7373 /* SpecificViewController.swift in Sources */,
				B7A5266725EF6540008CC8F9 /* DateCell.swift in Sources */,
				B756DA8E2601D5A900BC2A82 /* SwipeViewController.swift in Sources */,
				B75EC1CB25FCAE26005570A9 /* CalendarDetailCollectionView.swift in Sources */,
				B72C570625F23E4D00AC098A /* CollectionViewCell.swift in Sources */,
				EF0138C72565087D000F7373 /* Todo.swift in Sources */,
				EF0138A92564E490000F7373 /* AppDelegate.swift in Sources */,
				B7A5266B25EF66E8008CC8F9 /* CalendarViewController.swift in Sources */,
				EF0138D125650A7C000F7373 /* TodoDetailViewController.swift in Sources */,
			);
			runOnlyForDeploymentPostprocessing = 0;
		};
/* End PBXSourcesBuildPhase section */

/* Begin PBXVariantGroup section */
		EF0138AE2564E490000F7373 /* Main.storyboard */ = {
			isa = PBXVariantGroup;
			children = (
				EF0138AF2564E490000F7373 /* Base */,
			);
			name = Main.storyboard;
			sourceTree = "<group>";
		};
		EF0138B32564E491000F7373 /* LaunchScreen.storyboard */ = {
			isa = PBXVariantGroup;
			children = (
				EF0138B42564E491000F7373 /* Base */,
			);
			name = LaunchScreen.storyboard;
			sourceTree = "<group>";
		};
/* End PBXVariantGroup section */

/* Begin XCBuildConfiguration section */
		EF0138B72564E491000F7373 /* Debug */ = {
			isa = XCBuildConfiguration;
			buildSettings = {
				ALWAYS_SEARCH_USER_PATHS = NO;
				CLANG_ANALYZER_NONNULL = YES;
				CLANG_ANALYZER_NUMBER_OBJECT_CONVERSION = YES_AGGRESSIVE;
				CLANG_CXX_LANGUAGE_STANDARD = "gnu++14";
				CLANG_CXX_LIBRARY = "libc++";
				CLANG_ENABLE_MODULES = YES;
				CLANG_ENABLE_OBJC_ARC = YES;
				CLANG_ENABLE_OBJC_WEAK = YES;
				CLANG_WARN_BLOCK_CAPTURE_AUTORELEASING = YES;
				CLANG_WARN_BOOL_CONVERSION = YES;
				CLANG_WARN_COMMA = YES;
				CLANG_WARN_CONSTANT_CONVERSION = YES;
				CLANG_WARN_DEPRECATED_OBJC_IMPLEMENTATIONS = YES;
				CLANG_WARN_DIRECT_OBJC_ISA_USAGE = YES_ERROR;
				CLANG_WARN_DOCUMENTATION_COMMENTS = YES;
				CLANG_WARN_EMPTY_BODY = YES;
				CLANG_WARN_ENUM_CONVERSION = YES;
				CLANG_WARN_INFINITE_RECURSION = YES;
				CLANG_WARN_INT_CONVERSION = YES;
				CLANG_WARN_NON_LITERAL_NULL_CONVERSION = YES;
				CLANG_WARN_OBJC_IMPLICIT_RETAIN_SELF = YES;
				CLANG_WARN_OBJC_LITERAL_CONVERSION = YES;
				CLANG_WARN_OBJC_ROOT_CLASS = YES_ERROR;
				CLANG_WARN_QUOTED_INCLUDE_IN_FRAMEWORK_HEADER = YES;
				CLANG_WARN_RANGE_LOOP_ANALYSIS = YES;
				CLANG_WARN_STRICT_PROTOTYPES = YES;
				CLANG_WARN_SUSPICIOUS_MOVE = YES;
				CLANG_WARN_UNGUARDED_AVAILABILITY = YES_AGGRESSIVE;
				CLANG_WARN_UNREACHABLE_CODE = YES;
				CLANG_WARN__DUPLICATE_METHOD_MATCH = YES;
				COPY_PHASE_STRIP = NO;
				DEBUG_INFORMATION_FORMAT = dwarf;
				ENABLE_STRICT_OBJC_MSGSEND = YES;
				ENABLE_TESTABILITY = YES;
				GCC_C_LANGUAGE_STANDARD = gnu11;
				GCC_DYNAMIC_NO_PIC = NO;
				GCC_NO_COMMON_BLOCKS = YES;
				GCC_OPTIMIZATION_LEVEL = 0;
				GCC_PREPROCESSOR_DEFINITIONS = (
					"DEBUG=1",
					"$(inherited)",
				);
				GCC_WARN_64_TO_32_BIT_CONVERSION = YES;
				GCC_WARN_ABOUT_RETURN_TYPE = YES_ERROR;
				GCC_WARN_UNDECLARED_SELECTOR = YES;
				GCC_WARN_UNINITIALIZED_AUTOS = YES_AGGRESSIVE;
				GCC_WARN_UNUSED_FUNCTION = YES;
				GCC_WARN_UNUSED_VARIABLE = YES;
				IPHONEOS_DEPLOYMENT_TARGET = 14.1;
				MTL_ENABLE_DEBUG_INFO = INCLUDE_SOURCE;
				MTL_FAST_MATH = YES;
				ONLY_ACTIVE_ARCH = YES;
				SDKROOT = iphoneos;
				SWIFT_ACTIVE_COMPILATION_CONDITIONS = DEBUG;
				SWIFT_OPTIMIZATION_LEVEL = "-Onone";
			};
			name = Debug;
		};
		EF0138B82564E491000F7373 /* Release */ = {
			isa = XCBuildConfiguration;
			buildSettings = {
				ALWAYS_SEARCH_USER_PATHS = NO;
				CLANG_ANALYZER_NONNULL = YES;
				CLANG_ANALYZER_NUMBER_OBJECT_CONVERSION = YES_AGGRESSIVE;
				CLANG_CXX_LANGUAGE_STANDARD = "gnu++14";
				CLANG_CXX_LIBRARY = "libc++";
				CLANG_ENABLE_MODULES = YES;
				CLANG_ENABLE_OBJC_ARC = YES;
				CLANG_ENABLE_OBJC_WEAK = YES;
				CLANG_WARN_BLOCK_CAPTURE_AUTORELEASING = YES;
				CLANG_WARN_BOOL_CONVERSION = YES;
				CLANG_WARN_COMMA = YES;
				CLANG_WARN_CONSTANT_CONVERSION = YES;
				CLANG_WARN_DEPRECATED_OBJC_IMPLEMENTATIONS = YES;
				CLANG_WARN_DIRECT_OBJC_ISA_USAGE = YES_ERROR;
				CLANG_WARN_DOCUMENTATION_COMMENTS = YES;
				CLANG_WARN_EMPTY_BODY = YES;
				CLANG_WARN_ENUM_CONVERSION = YES;
				CLANG_WARN_INFINITE_RECURSION = YES;
				CLANG_WARN_INT_CONVERSION = YES;
				CLANG_WARN_NON_LITERAL_NULL_CONVERSION = YES;
				CLANG_WARN_OBJC_IMPLICIT_RETAIN_SELF = YES;
				CLANG_WARN_OBJC_LITERAL_CONVERSION = YES;
				CLANG_WARN_OBJC_ROOT_CLASS = YES_ERROR;
				CLANG_WARN_QUOTED_INCLUDE_IN_FRAMEWORK_HEADER = YES;
				CLANG_WARN_RANGE_LOOP_ANALYSIS = YES;
				CLANG_WARN_STRICT_PROTOTYPES = YES;
				CLANG_WARN_SUSPICIOUS_MOVE = YES;
				CLANG_WARN_UNGUARDED_AVAILABILITY = YES_AGGRESSIVE;
				CLANG_WARN_UNREACHABLE_CODE = YES;
				CLANG_WARN__DUPLICATE_METHOD_MATCH = YES;
				COPY_PHASE_STRIP = NO;
				DEBUG_INFORMATION_FORMAT = "dwarf-with-dsym";
				ENABLE_NS_ASSERTIONS = NO;
				ENABLE_STRICT_OBJC_MSGSEND = YES;
				GCC_C_LANGUAGE_STANDARD = gnu11;
				GCC_NO_COMMON_BLOCKS = YES;
				GCC_WARN_64_TO_32_BIT_CONVERSION = YES;
				GCC_WARN_ABOUT_RETURN_TYPE = YES_ERROR;
				GCC_WARN_UNDECLARED_SELECTOR = YES;
				GCC_WARN_UNINITIALIZED_AUTOS = YES_AGGRESSIVE;
				GCC_WARN_UNUSED_FUNCTION = YES;
				GCC_WARN_UNUSED_VARIABLE = YES;
				IPHONEOS_DEPLOYMENT_TARGET = 14.1;
				MTL_ENABLE_DEBUG_INFO = NO;
				MTL_FAST_MATH = YES;
				SDKROOT = iphoneos;
				SWIFT_COMPILATION_MODE = wholemodule;
				SWIFT_OPTIMIZATION_LEVEL = "-O";
				VALIDATE_PRODUCT = YES;
			};
			name = Release;
		};
		EF0138BA2564E491000F7373 /* Debug */ = {
			isa = XCBuildConfiguration;
			baseConfigurationReference = 7AFFCBDED0B54BB4769F21E0 /* Pods-TodoList.debug.xcconfig */;
			buildSettings = {
				ASSETCATALOG_COMPILER_APPICON_NAME = AppIcon;
				ASSETCATALOG_COMPILER_GLOBAL_ACCENT_COLOR_NAME = AccentColor;
				CODE_SIGN_IDENTITY = "Apple Development";
				CODE_SIGN_STYLE = Automatic;
				DEVELOPMENT_TEAM = 8R2A475KS5;
				INFOPLIST_FILE = TodoList/Resources/Info.plist;
				LD_RUNPATH_SEARCH_PATHS = (
					"$(inherited)",
					"@executable_path/Frameworks",
				);
				PRODUCT_BUNDLE_IDENTIFIER = com.GilwanRyu.TodoList;
				PRODUCT_NAME = "$(TARGET_NAME)";
				PROVISIONING_PROFILE_SPECIFIER = "";
				SWIFT_VERSION = 5.0;
				TARGETED_DEVICE_FAMILY = "1,2";
			};
			name = Debug;
		};
		EF0138BB2564E491000F7373 /* Release */ = {
			isa = XCBuildConfiguration;
			baseConfigurationReference = 95898B2BD446F25E6038A5E6 /* Pods-TodoList.release.xcconfig */;
			buildSettings = {
				ASSETCATALOG_COMPILER_APPICON_NAME = AppIcon;
				ASSETCATALOG_COMPILER_GLOBAL_ACCENT_COLOR_NAME = AccentColor;
				CODE_SIGN_IDENTITY = "Apple Development";
				CODE_SIGN_STYLE = Automatic;
				DEVELOPMENT_TEAM = 8R2A475KS5;
				INFOPLIST_FILE = TodoList/Resources/Info.plist;
				LD_RUNPATH_SEARCH_PATHS = (
					"$(inherited)",
					"@executable_path/Frameworks",
				);
				PRODUCT_BUNDLE_IDENTIFIER = com.GilwanRyu.TodoList;
				PRODUCT_NAME = "$(TARGET_NAME)";
				PROVISIONING_PROFILE_SPECIFIER = "";
				SWIFT_VERSION = 5.0;
				TARGETED_DEVICE_FAMILY = "1,2";
			};
			name = Release;
		};
/* End XCBuildConfiguration section */

/* Begin XCConfigurationList section */
		EF0138A02564E490000F7373 /* Build configuration list for PBXProject "TodoList" */ = {
			isa = XCConfigurationList;
			buildConfigurations = (
				EF0138B72564E491000F7373 /* Debug */,
				EF0138B82564E491000F7373 /* Release */,
			);
			defaultConfigurationIsVisible = 0;
			defaultConfigurationName = Release;
		};
		EF0138B92564E491000F7373 /* Build configuration list for PBXNativeTarget "TodoList" */ = {
			isa = XCConfigurationList;
			buildConfigurations = (
				EF0138BA2564E491000F7373 /* Debug */,
				EF0138BB2564E491000F7373 /* Release */,
			);
			defaultConfigurationIsVisible = 0;
			defaultConfigurationName = Release;
		};
/* End XCConfigurationList section */
	};
	rootObject = EF01389D2564E490000F7373 /* Project object */;
}
